
Microsoft Visual Studio Solution File, Format Version 12.00
# Visual Studio Version 17
VisualStudioVersion = 17.0.31903.59
MinimumVisualStudioVersion = 10.0.40219.1
Project("{9A19103F-16F7-4668-BE54-9A1E7A4F7556}") = "GcpWithoutJson", "GcpWithoutJson\GcpWithoutJson.csproj", "{78D3BA7C-CEF0-479E-9A4D-0B5290158FD2}"
EndProject
Project("{9A19103F-16F7-4668-BE54-9A1E7A4F7556}") = "ODataBenchmark", "OdataBenchmark\ODataBenchmark.csproj", "{FCC61451-AFC7-41C5-B510-EF378B730BD5}"
EndProject
Global
	GlobalSection(SolutionConfigurationPlatforms) = preSolution
		Debug|Any CPU = Debug|Any CPU
		Release|Any CPU = Release|Any CPU
	EndGlobalSection
	GlobalSection(ProjectConfigurationPlatforms) = postSolution
		{78D3BA7C-CEF0-479E-9A4D-0B5290158FD2}.Debug|Any CPU.ActiveCfg = Debug|Any CPU
		{78D3BA7C-CEF0-479E-9A4D-0B5290158FD2}.Debug|Any CPU.Build.0 = Debug|Any CPU
		{78D3BA7C-CEF0-479E-9A4D-0B5290158FD2}.Release|Any CPU.ActiveCfg = Release|Any CPU
		{78D3BA7C-CEF0-479E-9A4D-0B5290158FD2}.Release|Any CPU.Build.0 = Release|Any CPU
		{FCC61451-AFC7-41C5-B510-EF378B730BD5}.Debug|Any CPU.ActiveCfg = Debug|Any CPU
		{FCC61451-AFC7-41C5-B510-EF378B730BD5}.Debug|Any CPU.Build.0 = Debug|Any CPU
		{FCC61451-AFC7-41C5-B510-EF378B730BD5}.Release|Any CPU.ActiveCfg = Release|Any CPU
		{FCC61451-AFC7-41C5-B510-EF378B730BD5}.Release|Any CPU.Build.0 = Release|Any CPU
	EndGlobalSection
	GlobalSection(SolutionProperties) = preSolution
		HideSolutionNode = FALSE
	EndGlobalSection
	GlobalSection(ExtensibilityGlobals) = postSolution
		SolutionGuid = {4B113825-C22A-430B-B3A1-702227D48B55}
	EndGlobalSection
EndGlobal
